
Microsoft Visual Studio Solution File, Format Version 12.00
Project("{FAE04EC0-301F-11D3-BF4B-00C04F79EFBC}") = "Belote.Tests", "Belote.Tests\Belote.Tests.csproj", "{3D30BF92-D20E-4B30-9FB1-1417AEB7A7F8}"
EndProject
Global
	GlobalSection(SolutionConfigurationPlatforms) = preSolution
		Debug|Any CPU = Debug|Any CPU
		Release|Any CPU = Release|Any CPU
	EndGlobalSection
	GlobalSection(ProjectConfigurationPlatforms) = postSolution
		{3D30BF92-D20E-4B30-9FB1-1417AEB7A7F8}.Debug|Any CPU.ActiveCfg = Debug|Any CPU
		{3D30BF92-D20E-4B30-9FB1-1417AEB7A7F8}.Debug|Any CPU.Build.0 = Debug|Any CPU
		{3D30BF92-D20E-4B30-9FB1-1417AEB7A7F8}.Release|Any CPU.ActiveCfg = Release|Any CPU
		{3D30BF92-D20E-4B30-9FB1-1417AEB7A7F8}.Release|Any CPU.Build.0 = Release|Any CPU
	EndGlobalSection
EndGlobal
